
Microsoft Visual Studio Solution File, Format Version 12.00
# Visual Studio 15
VisualStudioVersion = 15.0.28307.1062
MinimumVisualStudioVersion = 10.0.40219.1
Project("{FAE04EC0-301F-11D3-BF4B-00C04F79EFBC}") = "My First project", "My First project\My First project.csproj", "{27032FED-0895-4991-94FE-A9FC57D62F05}"
EndProject
Global
	GlobalSection(SolutionConfigurationPlatforms) = preSolution
		Debug|Any CPU = Debug|Any CPU
		Release|Any CPU = Release|Any CPU
	EndGlobalSection
	GlobalSection(ProjectConfigurationPlatforms) = postSolution
		{27032FED-0895-4991-94FE-A9FC57D62F05}.Debug|Any CPU.ActiveCfg = Debug|Any CPU
		{27032FED-0895-4991-94FE-A9FC57D62F05}.Debug|Any CPU.Build.0 = Debug|Any CPU
		{27032FED-0895-4991-94FE-A9FC57D62F05}.Release|Any CPU.ActiveCfg = Release|Any CPU
		{27032FED-0895-4991-94FE-A9FC57D62F05}.Release|Any CPU.Build.0 = Release|Any CPU
	EndGlobalSection
	GlobalSection(SolutionProperties) = preSolution
		HideSolutionNode = FALSE
	EndGlobalSection
	GlobalSection(ExtensibilityGlobals) = postSolution
		SolutionGuid = {F15A85A9-C49D-4F75-885B-89554F707AB7}
	EndGlobalSection
EndGlobal
