
Microsoft Visual Studio Solution File, Format Version 12.00
# Visual Studio 15
VisualStudioVersion = 15.0.28307.1062
MinimumVisualStudioVersion = 10.0.40219.1
Project("{888888A0-9F3D-457C-B088-3A5042F75D52}") = "HSE Programming course", "HSE Programming course\HSE Programming course.pyproj", "{57D1C608-7618-4F06-A2AE-1FD976FA4D98}"
EndProject
Global
	GlobalSection(SolutionConfigurationPlatforms) = preSolution
		Debug|Any CPU = Debug|Any CPU
		Release|Any CPU = Release|Any CPU
	EndGlobalSection
	GlobalSection(ProjectConfigurationPlatforms) = postSolution
		{57D1C608-7618-4F06-A2AE-1FD976FA4D98}.Debug|Any CPU.ActiveCfg = Debug|Any CPU
		{57D1C608-7618-4F06-A2AE-1FD976FA4D98}.Release|Any CPU.ActiveCfg = Release|Any CPU
	EndGlobalSection
	GlobalSection(SolutionProperties) = preSolution
		HideSolutionNode = FALSE
	EndGlobalSection
	GlobalSection(ExtensibilityGlobals) = postSolution
		SolutionGuid = {451045F2-4AB5-436B-9F98-9D559BC0DA4F}
	EndGlobalSection
EndGlobal
